
Microsoft Visual Studio Solution File, Format Version 12.00
# Visual Studio Version 16
VisualStudioVersion = 16.0.31129.286
MinimumVisualStudioVersion = 10.0.40219.1
Project("{8BC9CEB8-8B4A-11D0-8D11-00A0C91BC942}") = "DivideAndConquer", "DivideAndConquer.vcxproj", "{186E43FF-9874-4B16-B150-25E4B472F622}"
EndProject
Global
	GlobalSection(SolutionConfigurationPlatforms) = preSolution
		Debug|x64 = Debug|x64
		Debug|x86 = Debug|x86
		Release|x64 = Release|x64
		Release|x86 = Release|x86
	EndGlobalSection
	GlobalSection(ProjectConfigurationPlatforms) = postSolution
		{186E43FF-9874-4B16-B150-25E4B472F622}.Debug|x64.ActiveCfg = Debug|x64
		{186E43FF-9874-4B16-B150-25E4B472F622}.Debug|x64.Build.0 = Debug|x64
		{186E43FF-9874-4B16-B150-25E4B472F622}.Debug|x86.ActiveCfg = Debug|Win32
		{186E43FF-9874-4B16-B150-25E4B472F622}.Debug|x86.Build.0 = Debug|Win32
		{186E43FF-9874-4B16-B150-25E4B472F622}.Release|x64.ActiveCfg = Release|x64
		{186E43FF-9874-4B16-B150-25E4B472F622}.Release|x64.Build.0 = Release|x64
		{186E43FF-9874-4B16-B150-25E4B472F622}.Release|x86.ActiveCfg = Release|Win32
		{186E43FF-9874-4B16-B150-25E4B472F622}.Release|x86.Build.0 = Release|Win32
	EndGlobalSection
	GlobalSection(SolutionProperties) = preSolution
		HideSolutionNode = FALSE
	EndGlobalSection
	GlobalSection(ExtensibilityGlobals) = postSolution
		SolutionGuid = {04C3FC14-150F-48FE-942E-5D995BD9F055}
	EndGlobalSection
EndGlobal
