
Microsoft Visual Studio Solution File, Format Version 12.00
# Visual Studio Version 16
VisualStudioVersion = 16.0.31129.286
MinimumVisualStudioVersion = 10.0.40219.1
Project("{8BC9CEB8-8B4A-11D0-8D11-00A0C91BC942}") = "BloomFilters", "BloomFilters.vcxproj", "{16D16C5F-A984-4527-9581-28C798268485}"
EndProject
Global
	GlobalSection(SolutionConfigurationPlatforms) = preSolution
		Debug|x64 = Debug|x64
		Debug|x86 = Debug|x86
		Release|x64 = Release|x64
		Release|x86 = Release|x86
	EndGlobalSection
	GlobalSection(ProjectConfigurationPlatforms) = postSolution
		{16D16C5F-A984-4527-9581-28C798268485}.Debug|x64.ActiveCfg = Debug|x64
		{16D16C5F-A984-4527-9581-28C798268485}.Debug|x64.Build.0 = Debug|x64
		{16D16C5F-A984-4527-9581-28C798268485}.Debug|x86.ActiveCfg = Debug|Win32
		{16D16C5F-A984-4527-9581-28C798268485}.Debug|x86.Build.0 = Debug|Win32
		{16D16C5F-A984-4527-9581-28C798268485}.Release|x64.ActiveCfg = Release|x64
		{16D16C5F-A984-4527-9581-28C798268485}.Release|x64.Build.0 = Release|x64
		{16D16C5F-A984-4527-9581-28C798268485}.Release|x86.ActiveCfg = Release|Win32
		{16D16C5F-A984-4527-9581-28C798268485}.Release|x86.Build.0 = Release|Win32
	EndGlobalSection
	GlobalSection(SolutionProperties) = preSolution
		HideSolutionNode = FALSE
	EndGlobalSection
	GlobalSection(ExtensibilityGlobals) = postSolution
		SolutionGuid = {61913F72-9C62-4FC8-A333-8A4A022FB492}
	EndGlobalSection
EndGlobal
